
Microsoft Visual Studio Solution File, Format Version 12.00
# Visual Studio Version 16
VisualStudioVersion = 16.0.31019.35
MinimumVisualStudioVersion = 10.0.40219.1
Project("{9A19103F-16F7-4668-BE54-9A1E7A4F7556}") = "CommaBoard.Wpf", "CommaBoard.WPF\CommaBoard.Wpf.csproj", "{4F747F90-531D-40D2-BBA5-995B626CB692}"
EndProject
Project("{9A19103F-16F7-4668-BE54-9A1E7A4F7556}") = "CommaBoard.Core", "CommaBoard.Core\CommaBoard.Core.csproj", "{DDD09217-2D3D-486F-81A4-57906A9D44DA}"
EndProject
Project("{9A19103F-16F7-4668-BE54-9A1E7A4F7556}") = "CommaBoard.Store", "CommaBoard.Store\CommaBoard.Store.csproj", "{83100DC5-EEBA-4209-B786-D6CA983780BF}"
EndProject
Project("{9A19103F-16F7-4668-BE54-9A1E7A4F7556}") = "CommaBoard.Comms", "CommaBoard.Comms\CommaBoard.Comms.csproj", "{4E3B69AC-7FBD-47A6-9707-1CBB50114F25}"
EndProject
Project("{9A19103F-16F7-4668-BE54-9A1E7A4F7556}") = "CommaBoard.Database", "CommaBoard.Database\CommaBoard.Database.csproj", "{356C0D09-0BB0-4DF8-9B15-1CECDA8D1A5F}"
EndProject
Project("{FAE04EC0-301F-11D3-BF4B-00C04F79EFBC}") = "CommaBoard.License", "CommaBoard.License\CommaBoard.License.csproj", "{43E4B163-7B6F-4861-AC3B-03F4E0D2D599}"
EndProject
Global
	GlobalSection(SolutionConfigurationPlatforms) = preSolution
		Debug|Any CPU = Debug|Any CPU
		Debug|x64 = Debug|x64
		Release|Any CPU = Release|Any CPU
		Release|x64 = Release|x64
	EndGlobalSection
	GlobalSection(ProjectConfigurationPlatforms) = postSolution
		{4F747F90-531D-40D2-BBA5-995B626CB692}.Debug|Any CPU.ActiveCfg = Debug|Any CPU
		{4F747F90-531D-40D2-BBA5-995B626CB692}.Debug|Any CPU.Build.0 = Debug|Any CPU
		{4F747F90-531D-40D2-BBA5-995B626CB692}.Debug|x64.ActiveCfg = Debug|x64
		{4F747F90-531D-40D2-BBA5-995B626CB692}.Debug|x64.Build.0 = Debug|x64
		{4F747F90-531D-40D2-BBA5-995B626CB692}.Release|Any CPU.ActiveCfg = Release|Any CPU
		{4F747F90-531D-40D2-BBA5-995B626CB692}.Release|Any CPU.Build.0 = Release|Any CPU
		{4F747F90-531D-40D2-BBA5-995B626CB692}.Release|x64.ActiveCfg = Release|x64
		{4F747F90-531D-40D2-BBA5-995B626CB692}.Release|x64.Build.0 = Release|x64
		{DDD09217-2D3D-486F-81A4-57906A9D44DA}.Debug|Any CPU.ActiveCfg = Debug|Any CPU
		{DDD09217-2D3D-486F-81A4-57906A9D44DA}.Debug|Any CPU.Build.0 = Debug|Any CPU
		{DDD09217-2D3D-486F-81A4-57906A9D44DA}.Debug|x64.ActiveCfg = Debug|x64
		{DDD09217-2D3D-486F-81A4-57906A9D44DA}.Debug|x64.Build.0 = Debug|x64
		{DDD09217-2D3D-486F-81A4-57906A9D44DA}.Release|Any CPU.ActiveCfg = Release|Any CPU
		{DDD09217-2D3D-486F-81A4-57906A9D44DA}.Release|Any CPU.Build.0 = Release|Any CPU
		{DDD09217-2D3D-486F-81A4-57906A9D44DA}.Release|x64.ActiveCfg = Release|x64
		{DDD09217-2D3D-486F-81A4-57906A9D44DA}.Release|x64.Build.0 = Release|x64
		{83100DC5-EEBA-4209-B786-D6CA983780BF}.Debug|Any CPU.ActiveCfg = Debug|Any CPU
		{83100DC5-EEBA-4209-B786-D6CA983780BF}.Debug|Any CPU.Build.0 = Debug|Any CPU
		{83100DC5-EEBA-4209-B786-D6CA983780BF}.Debug|x64.ActiveCfg = Debug|x64
		{83100DC5-EEBA-4209-B786-D6CA983780BF}.Debug|x64.Build.0 = Debug|x64
		{83100DC5-EEBA-4209-B786-D6CA983780BF}.Release|Any CPU.ActiveCfg = Release|Any CPU
		{83100DC5-EEBA-4209-B786-D6CA983780BF}.Release|Any CPU.Build.0 = Release|Any CPU
		{83100DC5-EEBA-4209-B786-D6CA983780BF}.Release|x64.ActiveCfg = Release|x64
		{83100DC5-EEBA-4209-B786-D6CA983780BF}.Release|x64.Build.0 = Release|x64
		{4E3B69AC-7FBD-47A6-9707-1CBB50114F25}.Debug|Any CPU.ActiveCfg = Debug|Any CPU
		{4E3B69AC-7FBD-47A6-9707-1CBB50114F25}.Debug|Any CPU.Build.0 = Debug|Any CPU
		{4E3B69AC-7FBD-47A6-9707-1CBB50114F25}.Debug|x64.ActiveCfg = Debug|x64
		{4E3B69AC-7FBD-47A6-9707-1CBB50114F25}.Debug|x64.Build.0 = Debug|x64
		{4E3B69AC-7FBD-47A6-9707-1CBB50114F25}.Release|Any CPU.ActiveCfg = Release|Any CPU
		{4E3B69AC-7FBD-47A6-9707-1CBB50114F25}.Release|Any CPU.Build.0 = Release|Any CPU
		{4E3B69AC-7FBD-47A6-9707-1CBB50114F25}.Release|x64.ActiveCfg = Release|x64
		{4E3B69AC-7FBD-47A6-9707-1CBB50114F25}.Release|x64.Build.0 = Release|x64
		{356C0D09-0BB0-4DF8-9B15-1CECDA8D1A5F}.Debug|Any CPU.ActiveCfg = Debug|Any CPU
		{356C0D09-0BB0-4DF8-9B15-1CECDA8D1A5F}.Debug|Any CPU.Build.0 = Debug|Any CPU
		{356C0D09-0BB0-4DF8-9B15-1CECDA8D1A5F}.Debug|x64.ActiveCfg = Debug|x64
		{356C0D09-0BB0-4DF8-9B15-1CECDA8D1A5F}.Debug|x64.Build.0 = Debug|x64
		{356C0D09-0BB0-4DF8-9B15-1CECDA8D1A5F}.Release|Any CPU.ActiveCfg = Release|Any CPU
		{356C0D09-0BB0-4DF8-9B15-1CECDA8D1A5F}.Release|Any CPU.Build.0 = Release|Any CPU
		{356C0D09-0BB0-4DF8-9B15-1CECDA8D1A5F}.Release|x64.ActiveCfg = Release|x64
		{356C0D09-0BB0-4DF8-9B15-1CECDA8D1A5F}.Release|x64.Build.0 = Release|x64
		{43E4B163-7B6F-4861-AC3B-03F4E0D2D599}.Debug|Any CPU.ActiveCfg = Debug|Any CPU
		{43E4B163-7B6F-4861-AC3B-03F4E0D2D599}.Debug|Any CPU.Build.0 = Debug|Any CPU
		{43E4B163-7B6F-4861-AC3B-03F4E0D2D599}.Debug|x64.ActiveCfg = Debug|Any CPU
		{43E4B163-7B6F-4861-AC3B-03F4E0D2D599}.Debug|x64.Build.0 = Debug|Any CPU
		{43E4B163-7B6F-4861-AC3B-03F4E0D2D599}.Release|Any CPU.ActiveCfg = Release|Any CPU
		{43E4B163-7B6F-4861-AC3B-03F4E0D2D599}.Release|Any CPU.Build.0 = Release|Any CPU
		{43E4B163-7B6F-4861-AC3B-03F4E0D2D599}.Release|x64.ActiveCfg = Release|Any CPU
		{43E4B163-7B6F-4861-AC3B-03F4E0D2D599}.Release|x64.Build.0 = Release|Any CPU
	EndGlobalSection
	GlobalSection(SolutionProperties) = preSolution
		HideSolutionNode = FALSE
	EndGlobalSection
	GlobalSection(ExtensibilityGlobals) = postSolution
		SolutionGuid = {1E6ADC90-3362-4CAA-8B41-7684A36F0743}
	EndGlobalSection
EndGlobal
